
Microsoft Visual Studio Solution File, Format Version 12.00
# Visual Studio Version 16
VisualStudioVersion = 16.0.30114.105
MinimumVisualStudioVersion = 10.0.40219.1
Project("{FAE04EC0-301F-11D3-BF4B-00C04F79EFBC}") = "CompanyName.ComponentX", "CompanyName.ComponentX\CompanyName.ComponentX.csproj", "{D78DD025-A533-40EE-826A-1D2DC67F7A8E}"
EndProject
Project("{FAE04EC0-301F-11D3-BF4B-00C04F79EFBC}") = "CompanyName.ComponentX.SpecFlowTests", "CompanyName.ComponentX.SpecFlowTests\CompanyName.ComponentX.SpecFlowTests.csproj", "{7A1B28D0-B896-482E-9B04-2C0237235676}"
EndProject
Global
	GlobalSection(SolutionConfigurationPlatforms) = preSolution
		Debug|Any CPU = Debug|Any CPU
		Release|Any CPU = Release|Any CPU
	EndGlobalSection
	GlobalSection(SolutionProperties) = preSolution
		HideSolutionNode = FALSE
	EndGlobalSection
	GlobalSection(ProjectConfigurationPlatforms) = postSolution
		{D78DD025-A533-40EE-826A-1D2DC67F7A8E}.Debug|Any CPU.ActiveCfg = Debug|Any CPU
		{D78DD025-A533-40EE-826A-1D2DC67F7A8E}.Debug|Any CPU.Build.0 = Debug|Any CPU
		{D78DD025-A533-40EE-826A-1D2DC67F7A8E}.Release|Any CPU.ActiveCfg = Release|Any CPU
		{D78DD025-A533-40EE-826A-1D2DC67F7A8E}.Release|Any CPU.Build.0 = Release|Any CPU
		{7A1B28D0-B896-482E-9B04-2C0237235676}.Debug|Any CPU.ActiveCfg = Debug|Any CPU
		{7A1B28D0-B896-482E-9B04-2C0237235676}.Debug|Any CPU.Build.0 = Debug|Any CPU
		{7A1B28D0-B896-482E-9B04-2C0237235676}.Release|Any CPU.ActiveCfg = Release|Any CPU
		{7A1B28D0-B896-482E-9B04-2C0237235676}.Release|Any CPU.Build.0 = Release|Any CPU
	EndGlobalSection
EndGlobal
